PODS:
  - Google-Mobile-Ads-SDK (7.3.1)
  - IJReachability (0.1.0)

DEPENDENCIES:
  - Google-Mobile-Ads-SDK (~> 7.0)
  - IJReachability (from `https://github.com/Isuru-Nanayakkara/IJReachability.git`)

EXTERNAL SOURCES:
  IJReachability:
    :git: https://github.com/Isuru-Nanayakkara/IJReachability.git

CHECKOUT OPTIONS:
  IJReachability:
    :commit: da69c8f4bed9f82203bb49180fb36091b4cd0d28
    :git: https://github.com/Isuru-Nanayakkara/IJReachability.git

SPEC CHECKSUMS:
  Google-Mobile-Ads-SDK: 3647bfddc7384c514ab96a8bed86d98b31e623e4
  IJReachability: 3eff33caca50869df09b257bcf712031a56a8575

COCOAPODS: 0.37.2
